
Microsoft Visual Studio Solution File, Format Version 12.00
# Visual Studio Version 17
VisualStudioVersion = 17.2.32630.192
MinimumVisualStudioVersion = 10.0.40219.1
Project("{FAE04EC0-301F-11D3-BF4B-00C04F79EFBC}") = "Project1", "Project1\Project1.csproj", "{6F848F9B-2293-4C0E-AFFC-2701DF7927DB}"
EndProject
Global
	GlobalSection(SolutionConfigurationPlatforms) = preSolution
		Debug|Any CPU = Debug|Any CPU
		Release|Any CPU = Release|Any CPU
	EndGlobalSection
	GlobalSection(ProjectConfigurationPlatforms) = postSolution
		{6F848F9B-2293-4C0E-AFFC-2701DF7927DB}.Debug|Any CPU.ActiveCfg = Debug|Any CPU
		{6F848F9B-2293-4C0E-AFFC-2701DF7927DB}.Debug|Any CPU.Build.0 = Debug|Any CPU
		{6F848F9B-2293-4C0E-AFFC-2701DF7927DB}.Release|Any CPU.ActiveCfg = Release|Any CPU
		{6F848F9B-2293-4C0E-AFFC-2701DF7927DB}.Release|Any CPU.Build.0 = Release|Any CPU
	EndGlobalSection
	GlobalSection(SolutionProperties) = preSolution
		HideSolutionNode = FALSE
	EndGlobalSection
	GlobalSection(ExtensibilityGlobals) = postSolution
		SolutionGuid = {ABFF7706-51AA-4805-A2BD-FC0FD85FF7E5}
	EndGlobalSection
EndGlobal
